// !$*UTF8*$!
{
	archiveVersion = 1;
	classes = {
	};
	objectVersion = 46;
	objects = {

/* Begin PBXBuildFile section */
		C4171A3616855D80009BAE94 /* UIKit.framework in Frameworks */ = {isa = PBXBuildFile; fileRef = C4171A3516855D80009BAE94 /* UIKit.framework */; };
		C4171A3816855D80009BAE94 /* Foundation.framework in Frameworks */ = {isa = PBXBuildFile; fileRef = C4171A3716855D80009BAE94 /* Foundation.framework */; };
		C4171A3A16855D80009BAE94 /* CoreGraphics.framework in Frameworks */ = {isa = PBXBuildFile; fileRef = C4171A3916855D80009BAE94 /* CoreGraphics.framework */; };
		C4171A4016855D80009BAE94 /* InfoPlist.strings in Resources */ = {isa = PBXBuildFile; fileRef = C4171A3E16855D80009BAE94 /* InfoPlist.strings */; };
		C4171A4216855D80009BAE94 /* main.m in Sources */ = {isa = PBXBuildFile; fileRef = C4171A4116855D80009BAE94 /* main.m */; };
		C4171A4616855D80009BAE94 /* MapperAppDelegate.m in Sources */ = {isa = PBXBuildFile; fileRef = C4171A4516855D80009BAE94 /* MapperAppDelegate.m */; };
		C4171A4916855D80009BAE94 /* MainStoryboard.storyboard in Resources */ = {isa = PBXBuildFile; fileRef = C4171A4716855D80009BAE94 /* MainStoryboard.storyboard */; };
		C4171A4C16855D80009BAE94 /* MapViewController.m in Sources */ = {isa = PBXBuildFile; fileRef = C4171A4B16855D80009BAE94 /* MapViewController.m */; };
		C4171A53168560B7009BAE94 /* MapKit.framework in Frameworks */ = {isa = PBXBuildFile; fileRef = C4171A52168560B7009BAE94 /* MapKit.framework */; };
		C4B829A2168A403600DD1789 /* Objectives.txt in Resources */ = {isa = PBXBuildFile; fileRef = C4B829A1168A403600DD1789 /* Objectives.txt */; };
		C4B829AC168A694800DD1789 /* CoreLocation.framework in Frameworks */ = {isa = PBXBuildFile; fileRef = C4B829AB168A694800DD1789 /* CoreLocation.framework */; };
		C4B829AF168B8A8C00DD1789 /* GenericAnnotation.m in Sources */ = {isa = PBXBuildFile; fileRef = C4B829AE168B8A8C00DD1789 /* GenericAnnotation.m */; };
		C4E6ECB516857C8C00E9A5C5 /* ListViewController.m in Sources */ = {isa = PBXBuildFile; fileRef = C4E6ECB416857C8C00E9A5C5 /* ListViewController.m */; };
		C4FA8BD2168D79DE004C2ED4 /* DetailViewController.m in Sources */ = {isa = PBXBuildFile; fileRef = C4FA8BD1168D79DE004C2ED4 /* DetailViewController.m */; };
/* End PBXBuildFile section */

/* Begin PBXFileReference section */
		C4171A3116855D80009BAE94 /* Mapper.app */ = {isa = PBXFileReference; explicitFileType = wrapper.application; includeInIndex = 0; path = Mapper.app; sourceTree = BUILT_PRODUCTS_DIR; };
		C4171A3516855D80009BAE94 /* UIKit.framework */ = {isa = PBXFileReference; lastKnownFileType = wrapper.framework; name = UIKit.framework; path = System/Library/Frameworks/UIKit.framework; sourceTree = SDKROOT; };
		C4171A3716855D80009BAE94 /* Foundation.framework */ = {isa = PBXFileReference; lastKnownFileType = wrapper.framework; name = Foundation.framework; path = System/Library/Frameworks/Foundation.framework; sourceTree = SDKROOT; };
		C4171A3916855D80009BAE94 /* CoreGraphics.framework */ = {isa = PBXFileReference; lastKnownFileType = wrapper.framework; name = CoreGraphics.framework; path = System/Library/Frameworks/CoreGraphics.framework; sourceTree = SDKROOT; };
		C4171A3D16855D80009BAE94 /* Mapper-Info.plist */ = {isa = PBXFileReference; lastKnownFileType = text.plist.xml; path = "Mapper-Info.plist"; sourceTree = "<group>"; };
		C4171A3F16855D80009BAE94 /* en */ = {isa = PBXFileReference; lastKnownFileType = text.plist.strings; name = en; path = en.lproj/InfoPlist.strings; sourceTree = "<group>"; };
		C4171A4116855D80009BAE94 /* main.m */ = {isa = PBXFileReference; lastKnownFileType = sourcecode.c.objc; path = main.m; sourceTree = "<group>"; };
		C4171A4316855D80009BAE94 /* Mapper-Prefix.pch */ = {isa = PBXFileReference; lastKnownFileType = sourcecode.c.h; path = "Mapper-Prefix.pch"; sourceTree = "<group>"; };
		C4171A4416855D80009BAE94 /* MapperAppDelegate.h */ = {isa = PBXFileReference; lastKnownFileType = sourcecode.c.h; path = MapperAppDelegate.h; sourceTree = "<group>"; };
		C4171A4516855D80009BAE94 /* MapperAppDelegate.m */ = {isa = PBXFileReference; lastKnownFileType = sourcecode.c.objc; path = MapperAppDelegate.m; sourceTree = "<group>"; };
		C4171A4816855D80009BAE94 /* en */ = {isa = PBXFileReference; lastKnownFileType = file.storyboard; name = en; path = en.lproj/MainStoryboard.storyboard; sourceTree = "<group>"; };
		C4171A4A16855D80009BAE94 /* MapViewController.h */ = {isa = PBXFileReference; path = MapViewController.h; sourceTree = "<group>"; };
		C4171A4B16855D80009BAE94 /* MapViewController.m */ = {isa = PBXFileReference; lastKnownFileType = sourcecode.c.objc; path = MapViewController.m; sourceTree = "<group>"; };
		C4171A52168560B7009BAE94 /* MapKit.framework */ = {isa = PBXFileReference; lastKnownFileType = wrapper.framework; name = MapKit.framework; path = System/Library/Frameworks/MapKit.framework; sourceTree = SDKROOT; };
		C4B829A1168A403600DD1789 /* Objectives.txt */ = {isa = PBXFileReference; fileEncoding = 4; lastKnownFileType = text; path = Objectives.txt; sourceTree = "<group>"; };
		C4B829AB168A694800DD1789 /* CoreLocation.framework */ = {isa = PBXFileReference; lastKnownFileType = wrapper.framework; name = CoreLocation.framework; path = System/Library/Frameworks/CoreLocation.framework; sourceTree = SDKROOT; };
		C4B829AD168B8A8C00DD1789 /* GenericAnnotation.h */ = {isa = PBXFileReference; fileEncoding = 4; lastKnownFileType = sourcecode.c.h; path = GenericAnnotation.h; sourceTree = "<group>"; };
		C4B829AE168B8A8C00DD1789 /* GenericAnnotation.m */ = {isa = PBXFileReference; fileEncoding = 4; lastKnownFileType = sourcecode.c.objc; path = GenericAnnotation.m; sourceTree = "<group>"; };
		C4E6ECB316857C8C00E9A5C5 /* ListViewController.h */ = {isa = PBXFileReference; fileEncoding = 4; path = ListViewController.h; sourceTree = "<group>"; };
		C4E6ECB416857C8C00E9A5C5 /* ListViewController.m */ = {isa = PBXFileReference; fileEncoding = 4; lastKnownFileType = sourcecode.c.objc; path = ListViewController.m; sourceTree = "<group>"; };
		C4FA8BD0168D79DE004C2ED4 /* DetailViewController.h */ = {isa = PBXFileReference; fileEncoding = 4; lastKnownFileType = sourcecode.c.h; name = DetailViewController.h; path = Mapper_Saved/Mapper/Mapper/DetailViewController.h; sourceTree = SOURCE_ROOT; };
		C4FA8BD1168D79DE004C2ED4 /* DetailViewController.m */ = {isa = PBXFileReference; fileEncoding = 4; lastKnownFileType = sourcecode.c.objc; name = DetailViewController.m; path = Mapper_Saved/Mapper/Mapper/DetailViewController.m; sourceTree = SOURCE_ROOT; };
/* End PBXFileReference section */

/* Begin PBXFrameworksBuildPhase section */
		C4171A2E16855D80009BAE94 /* Frameworks */ = {
			isa = PBXFrameworksBuildPhase;
			buildActionMask = 2147483647;
			files = (
				C4B829AC168A694800DD1789 /* CoreLocation.framework in Frameworks */,
				C4171A53168560B7009BAE94 /* MapKit.framework in Frameworks */,
				C4171A3616855D80009BAE94 /* UIKit.framework in Frameworks */,
				C4171A3816855D80009BAE94 /* Foundation.framework in Frameworks */,
				C4171A3A16855D80009BAE94 /* CoreGraphics.framework in Frameworks */,
			);
			runOnlyForDeploymentPostprocessing = 0;
		};
/* End PBXFrameworksBuildPhase section */

/* Begin PBXGroup section */
		C4171A2616855D7F009BAE94 = {
			isa = PBXGroup;
			children = (
				C4171A3B16855D80009BAE94 /* Mapper */,
				C4171A3416855D80009BAE94 /* Frameworks */,
				C4171A3216855D80009BAE94 /* Products */,
			);
			sourceTree = "<group>";
		};
		C4171A3216855D80009BAE94 /* Products */ = {
			isa = PBXGroup;
			children = (
				C4171A3116855D80009BAE94 /* Mapper.app */,
			);
			name = Products;
			sourceTree = "<group>";
		};
		C4171A3416855D80009BAE94 /* Frameworks */ = {
			isa = PBXGroup;
			children = (
				C4B829AB168A694800DD1789 /* CoreLocation.framework */,
				C4171A52168560B7009BAE94 /* MapKit.framework */,
				C4171A3516855D80009BAE94 /* UIKit.framework */,
				C4171A3716855D80009BAE94 /* Foundation.framework */,
				C4171A3916855D80009BAE94 /* CoreGraphics.framework */,
			);
			name = Frameworks;
			sourceTree = "<group>";
		};
		C4171A3B16855D80009BAE94 /* Mapper */ = {
			isa = PBXGroup;
			children = (
				C4171A4716855D80009BAE94 /* MainStoryboard.storyboard */,
				C4B829AD168B8A8C00DD1789 /* GenericAnnotation.h */,
				C4B829AE168B8A8C00DD1789 /* GenericAnnotation.m */,
				C4171A4A16855D80009BAE94 /* MapViewController.h */,
				C4171A4B16855D80009BAE94 /* MapViewController.m */,
				C4E6ECB316857C8C00E9A5C5 /* ListViewController.h */,
				C4E6ECB416857C8C00E9A5C5 /* ListViewController.m */,
				C4FA8BD0168D79DE004C2ED4 /* DetailViewController.h */,
				C4FA8BD1168D79DE004C2ED4 /* DetailViewController.m */,
				C4B829A1168A403600DD1789 /* Objectives.txt */,
				C4171A3C16855D80009BAE94 /* Supporting Files */,
			);
			path = Mapper;
			sourceTree = "<group>";
		};
		C4171A3C16855D80009BAE94 /* Supporting Files */ = {
			isa = PBXGroup;
			children = (
				C4171A4416855D80009BAE94 /* MapperAppDelegate.h */,
				C4171A4516855D80009BAE94 /* MapperAppDelegate.m */,
				C4171A3D16855D80009BAE94 /* Mapper-Info.plist */,
				C4171A3E16855D80009BAE94 /* InfoPlist.strings */,
				C4171A4116855D80009BAE94 /* main.m */,
				C4171A4316855D80009BAE94 /* Mapper-Prefix.pch */,
			);
			name = "Supporting Files";
			sourceTree = "<group>";
		};
/* End PBXGroup section */

/* Begin PBXNativeTarget section */
		C4171A3016855D80009BAE94 /* Mapper */ = {
			isa = PBXNativeTarget;
			buildConfigurationList = C4171A4F16855D80009BAE94 /* Build configuration list for PBXNativeTarget "Mapper" */;
			buildPhases = (
				C4171A2D16855D80009BAE94 /* Sources */,
				C4171A2E16855D80009BAE94 /* Frameworks */,
				C4171A2F16855D80009BAE94 /* Resources */,
			);
			buildRules = (
			);
			dependencies = (
			);
			name = Mapper;
			productName = Mapper;
			productReference = C4171A3116855D80009BAE94 /* Mapper.app */;
			productType = "com.apple.product-type.application";
		};
/* End PBXNativeTarget section */

/* Begin PBXProject section */
		C4171A2816855D7F009BAE94 /* Project object */ = {
			isa = PBXProject;
			attributes = {
				CLASSPREFIX = Mapper;
				LastUpgradeCheck = 0430;
			};
			buildConfigurationList = C4171A2B16855D80009BAE94 /* Build configuration list for PBXProject "Mapper" */;
			compatibilityVersion = "Xcode 3.2";
			developmentRegion = English;
			hasScannedForEncodings = 0;
			knownRegions = (
				en,
			);
			mainGroup = C4171A2616855D7F009BAE94;
			productRefGroup = C4171A3216855D80009BAE94 /* Products */;
			projectDirPath = "";
			projectRoot = "";
			targets = (
				C4171A3016855D80009BAE94 /* Mapper */,
			);
		};
/* End PBXProject section */

/* Begin PBXResourcesBuildPhase section */
		C4171A2F16855D80009BAE94 /* Resources */ = {
			isa = PBXResourcesBuildPhase;
			buildActionMask = 2147483647;
			files = (
				C4171A4016855D80009BAE94 /* InfoPlist.strings in Resources */,
				C4171A4916855D80009BAE94 /* MainStoryboard.storyboard in Resources */,
				C4B829A2168A403600DD1789 /* Objectives.txt in Resources */,
			);
			runOnlyForDeploymentPostprocessing = 0;
		};
/* End PBXResourcesBuildPhase section */

/* Begin PBXSourcesBuildPhase section */
		C4171A2D16855D80009BAE94 /* Sources */ = {
			isa = PBXSourcesBuildPhase;
			buildActionMask = 2147483647;
			files = (
				C4171A4216855D80009BAE94 /* main.m in Sources */,
				C4171A4616855D80009BAE94 /* MapperAppDelegate.m in Sources */,
				C4171A4C16855D80009BAE94 /* MapViewController.m in Sources */,
				C4E6ECB516857C8C00E9A5C5 /* ListViewController.m in Sources */,
				C4B829AF168B8A8C00DD1789 /* GenericAnnotation.m in Sources */,
				C4FA8BD2168D79DE004C2ED4 /* DetailViewController.m in Sources */,
			);
			runOnlyForDeploymentPostprocessing = 0;
		};
/* End PBXSourcesBuildPhase section */

/* Begin PBXVariantGroup section */
		C4171A3E16855D80009BAE94 /* InfoPlist.strings */ = {
			isa = PBXVariantGroup;
			children = (
				C4171A3F16855D80009BAE94 /* en */,
			);
			name = InfoPlist.strings;
			sourceTree = "<group>";
		};
		C4171A4716855D80009BAE94 /* MainStoryboard.storyboard */ = {
			isa = PBXVariantGroup;
			children = (
				C4171A4816855D80009BAE94 /* en */,
			);
			name = MainStoryboard.storyboard;
			sourceTree = "<group>";
		};
/* End PBXVariantGroup section */

/* Begin XCBuildConfiguration section */
		C4171A4D16855D80009BAE94 /* Debug */ = {
			isa = XCBuildConfiguration;
			buildSettings = {
				ALWAYS_SEARCH_USER_PATHS = NO;
				ARCHS = "$(ARCHS_STANDARD_32_BIT)";
				CLANG_ENABLE_OBJC_ARC = YES;
				"CODE_SIGN_IDENTITY[sdk=iphoneos*]" = "iPhone Developer";
				COPY_PHASE_STRIP = NO;
				GCC_C_LANGUAGE_STANDARD = gnu99;
				GCC_DYNAMIC_NO_PIC = NO;
				GCC_OPTIMIZATION_LEVEL = 0;
				GCC_PREPROCESSOR_DEFINITIONS = (
					"DEBUG=1",
					"$(inherited)",
				);
				GCC_SYMBOLS_PRIVATE_EXTERN = NO;
				GCC_VERSION = com.apple.compilers.llvm.clang.1_0;
				GCC_WARN_ABOUT_RETURN_TYPE = YES;
				GCC_WARN_UNINITIALIZED_AUTOS = YES;
				GCC_WARN_UNUSED_VARIABLE = YES;
				IPHONEOS_DEPLOYMENT_TARGET = 5.1;
				SDKROOT = iphoneos;
			};
			name = Debug;
		};
		C4171A4E16855D80009BAE94 /* Release */ = {
			isa = XCBuildConfiguration;
			buildSettings = {
				ALWAYS_SEARCH_USER_PATHS = NO;
				ARCHS = "$(ARCHS_STANDARD_32_BIT)";
				CLANG_ENABLE_OBJC_ARC = YES;
				"CODE_SIGN_IDENTITY[sdk=iphoneos*]" = "iPhone Developer";
				COPY_PHASE_STRIP = YES;
				GCC_C_LANGUAGE_STANDARD = gnu99;
				GCC_VERSION = com.apple.compilers.llvm.clang.1_0;
				GCC_WARN_ABOUT_RETURN_TYPE = YES;
				GCC_WARN_UNINITIALIZED_AUTOS = YES;
				GCC_WARN_UNUSED_VARIABLE = YES;
				IPHONEOS_DEPLOYMENT_TARGET = 5.1;
				OTHER_CFLAGS = "-DNS_BLOCK_ASSERTIONS=1";
				SDKROOT = iphoneos;
				VALIDATE_PRODUCT = YES;
			};
			name = Release;
		};
		C4171A5016855D80009BAE94 /* Debug */ = {
			isa = XCBuildConfiguration;
			buildSettings = {
				GCC_PRECOMPILE_PREFIX_HEADER = YES;
				GCC_PREFIX_HEADER = "Mapper/Mapper-Prefix.pch";
				INFOPLIST_FILE = "Mapper/Mapper-Info.plist";
				PRODUCT_NAME = "$(TARGET_NAME)";
				WRAPPER_EXTENSION = app;
			};
			name = Debug;
		};
		C4171A5116855D80009BAE94 /* Release */ = {
			isa = XCBuildConfiguration;
			buildSettings = {
				GCC_PRECOMPILE_PREFIX_HEADER = YES;
				GCC_PREFIX_HEADER = "Mapper/Mapper-Prefix.pch";
				INFOPLIST_FILE = "Mapper/Mapper-Info.plist";
				PRODUCT_NAME = "$(TARGET_NAME)";
				WRAPPER_EXTENSION = app;
			};
			name = Release;
		};
/* End XCBuildConfiguration section */

/* Begin XCConfigurationList section */
		C4171A2B16855D80009BAE94 /* Build configuration list for PBXProject "Mapper" */ = {
			isa = XCConfigurationList;
			buildConfigurations = (
				C4171A4D16855D80009BAE94 /* Debug */,
				C4171A4E16855D80009BAE94 /* Release */,
			);
			defaultConfigurationIsVisible = 0;
			defaultConfigurationName = Release;
		};
		C4171A4F16855D80009BAE94 /* Build configuration list for PBXNativeTarget "Mapper" */ = {
			isa = XCConfigurationList;
			buildConfigurations = (
				C4171A5016855D80009BAE94 /* Debug */,
				C4171A5116855D80009BAE94 /* Release */,
			);
			defaultConfigurationIsVisible = 0;
			defaultConfigurationName = Release;
		};
/* End XCConfigurationList section */
	};
	rootObject = C4171A2816855D7F009BAE94 /* Project object */;
}
